
Microsoft Visual Studio Solution File, Format Version 12.00
# Visual Studio 2013
VisualStudioVersion = 12.0.31101.0
MinimumVisualStudioVersion = 10.0.40219.1
Project("{8BC9CEB8-8B4A-11D0-8D11-00A0C91BC942}") = "date class", "date class\date class.vcxproj", "{E9DE01DB-4A3F-42E9-9F15-BEA837A1565A}"
EndProject
Global
	GlobalSection(SolutionConfigurationPlatforms) = preSolution
		Debug|Win32 = Debug|Win32
		Release|Win32 = Release|Win32
	EndGlobalSection
	GlobalSection(ProjectConfigurationPlatforms) = postSolution
		{E9DE01DB-4A3F-42E9-9F15-BEA837A1565A}.Debug|Win32.ActiveCfg = Debug|Win32
		{E9DE01DB-4A3F-42E9-9F15-BEA837A1565A}.Debug|Win32.Build.0 = Debug|Win32
		{E9DE01DB-4A3F-42E9-9F15-BEA837A1565A}.Release|Win32.ActiveCfg = Release|Win32
		{E9DE01DB-4A3F-42E9-9F15-BEA837A1565A}.Release|Win32.Build.0 = Release|Win32
	EndGlobalSection
	GlobalSection(SolutionProperties) = preSolution
		HideSolutionNode = FALSE
	EndGlobalSection
EndGlobal
